// !$*UTF8*$!
{
	archiveVersion = 1;
	classes = {
	};
	objectVersion = 56;
	objects = {

/* Begin PBXBuildFile section */
		9F54C1DA29E8E1390090A06E /* landmarkData.json in Resources */ = {isa = PBXBuildFile; fileRef = 9F54C1D929E8E1380090A06E /* landmarkData.json */; };
		9F54C1DC29E8E1AC0090A06E /* Landmark.swift in Sources */ = {isa = PBXBuildFile; fileRef = 9F54C1DB29E8E1AC0090A06E /* Landmark.swift */; };
		9F54C1DE29E8E4A40090A06E /* ModelData.swift in Sources */ = {isa = PBXBuildFile; fileRef = 9F54C1DD29E8E4A40090A06E /* ModelData.swift */; };
		9F54C1E429E8E6AC0090A06E /* LandmarkRow.swift in Sources */ = {isa = PBXBuildFile; fileRef = 9F54C1E329E8E6AC0090A06E /* LandmarkRow.swift */; };
		9F54C1E629E8E9A30090A06E /* LandmarkList.swift in Sources */ = {isa = PBXBuildFile; fileRef = 9F54C1E529E8E9A30090A06E /* LandmarkList.swift */; };
		9F54C1E829E8EAC90090A06E /* LandmarkDetail.swift in Sources */ = {isa = PBXBuildFile; fileRef = 9F54C1E729E8EAC90090A06E /* LandmarkDetail.swift */; };
		9F54C1EA29E8F4A00090A06E /* FavoriteButton.swift in Sources */ = {isa = PBXBuildFile; fileRef = 9F54C1E929E8F4A00090A06E /* FavoriteButton.swift */; };
		9F54C1F929E8FC820090A06E /* RotatedBadgeSymbol.swift in Sources */ = {isa = PBXBuildFile; fileRef = 9F54C1F429E8FC820090A06E /* RotatedBadgeSymbol.swift */; };
		9F54C1FA29E8FC820090A06E /* HexagonParameters.swift in Sources */ = {isa = PBXBuildFile; fileRef = 9F54C1F529E8FC820090A06E /* HexagonParameters.swift */; };
		9F54C1FB29E8FC820090A06E /* BadgeSymbol.swift in Sources */ = {isa = PBXBuildFile; fileRef = 9F54C1F629E8FC820090A06E /* BadgeSymbol.swift */; };
		9F54C1FC29E8FC820090A06E /* BadgeBackground.swift in Sources */ = {isa = PBXBuildFile; fileRef = 9F54C1F729E8FC820090A06E /* BadgeBackground.swift */; };
		9F54C1FD29E8FC820090A06E /* Badge.swift in Sources */ = {isa = PBXBuildFile; fileRef = 9F54C1F829E8FC820090A06E /* Badge.swift */; };
		9F991B6729E4F0130084EFFF /* AFL3_0706012110056_MirandaUtamiApp.swift in Sources */ = {isa = PBXBuildFile; fileRef = 9F991B6629E4F0130084EFFF /* AFL3_0706012110056_MirandaUtamiApp.swift */; };
		9F991B6929E4F0130084EFFF /* ContentView.swift in Sources */ = {isa = PBXBuildFile; fileRef = 9F991B6829E4F0130084EFFF /* ContentView.swift */; };
		9F991B6B29E4F0150084EFFF /* Assets.xcassets in Resources */ = {isa = PBXBuildFile; fileRef = 9F991B6A29E4F0150084EFFF /* Assets.xcassets */; };
		9F991B6E29E4F0150084EFFF /* Preview Assets.xcassets in Resources */ = {isa = PBXBuildFile; fileRef = 9F991B6D29E4F0150084EFFF /* Preview Assets.xcassets */; };
		9F991B7829E4F0150084EFFF /* AFL3_0706012110056_MirandaUtamiTests.swift in Sources */ = {isa = PBXBuildFile; fileRef = 9F991B7729E4F0150084EFFF /* AFL3_0706012110056_MirandaUtamiTests.swift */; };
		9F991B8229E4F0150084EFFF /* AFL3_0706012110056_MirandaUtamiUITests.swift in Sources */ = {isa = PBXBuildFile; fileRef = 9F991B8129E4F0150084EFFF /* AFL3_0706012110056_MirandaUtamiUITests.swift */; };
		9F991B8429E4F0150084EFFF /* AFL3_0706012110056_MirandaUtamiUITestsLaunchTests.swift in Sources */ = {isa = PBXBuildFile; fileRef = 9F991B8329E4F0150084EFFF /* AFL3_0706012110056_MirandaUtamiUITestsLaunchTests.swift */; };
		9F991B9129E4F75F0084EFFF /* CircleImage.swift in Sources */ = {isa = PBXBuildFile; fileRef = 9F991B9029E4F75F0084EFFF /* CircleImage.swift */; };
		9F991B9329E4F95A0084EFFF /* MapView.swift in Sources */ = {isa = PBXBuildFile; fileRef = 9F991B9229E4F95A0084EFFF /* MapView.swift */; };
/* End PBXBuildFile section */

/* Begin PBXContainerItemProxy section */
		9F991B7429E4F0150084EFFF /* PBXContainerItemProxy */ = {
			isa = PBXContainerItemProxy;
			containerPortal = 9F991B5B29E4F0130084EFFF /* Project object */;
			proxyType = 1;
			remoteGlobalIDString = 9F991B6229E4F0130084EFFF;
			remoteInfo = "AFL3-0706012110056-MirandaUtami";
		};
		9F991B7E29E4F0150084EFFF /* PBXContainerItemProxy */ = {
			isa = PBXContainerItemProxy;
			containerPortal = 9F991B5B29E4F0130084EFFF /* Project object */;
			proxyType = 1;
			remoteGlobalIDString = 9F991B6229E4F0130084EFFF;
			remoteInfo = "AFL3-0706012110056-MirandaUtami";
		};
/* End PBXContainerItemProxy section */

/* Begin PBXFileReference section */
		9F54C1D929E8E1380090A06E /* landmarkData.json */ = {isa = PBXFileReference; fileEncoding = 4; lastKnownFileType = text.json; path = landmarkData.json; sourceTree = "<group>"; };
		9F54C1DB29E8E1AC0090A06E /* Landmark.swift */ = {isa = PBXFileReference; lastKnownFileType = sourcecode.swift; path = Landmark.swift; sourceTree = "<group>"; };
		9F54C1DD29E8E4A40090A06E /* ModelData.swift */ = {isa = PBXFileReference; lastKnownFileType = sourcecode.swift; path = ModelData.swift; sourceTree = "<group>"; };
		9F54C1E329E8E6AC0090A06E /* LandmarkRow.swift */ = {isa = PBXFileReference; lastKnownFileType = sourcecode.swift; path = LandmarkRow.swift; sourceTree = "<group>"; };
		9F54C1E529E8E9A30090A06E /* LandmarkList.swift */ = {isa = PBXFileReference; lastKnownFileType = sourcecode.swift; path = LandmarkList.swift; sourceTree = "<group>"; };
		9F54C1E729E8EAC90090A06E /* LandmarkDetail.swift */ = {isa = PBXFileReference; lastKnownFileType = sourcecode.swift; path = LandmarkDetail.swift; sourceTree = "<group>"; };
		9F54C1E929E8F4A00090A06E /* FavoriteButton.swift */ = {isa = PBXFileReference; lastKnownFileType = sourcecode.swift; path = FavoriteButton.swift; sourceTree = "<group>"; };
		9F54C1F429E8FC820090A06E /* RotatedBadgeSymbol.swift */ = {isa = PBXFileReference; fileEncoding = 4; lastKnownFileType = sourcecode.swift; path = RotatedBadgeSymbol.swift; sourceTree = "<group>"; };
		9F54C1F529E8FC820090A06E /* HexagonParameters.swift */ = {isa = PBXFileReference; fileEncoding = 4; lastKnownFileType = sourcecode.swift; path = HexagonParameters.swift; sourceTree = "<group>"; };
		9F54C1F629E8FC820090A06E /* BadgeSymbol.swift */ = {isa = PBXFileReference; fileEncoding = 4; lastKnownFileType = sourcecode.swift; path = BadgeSymbol.swift; sourceTree = "<group>"; };
		9F54C1F729E8FC820090A06E /* BadgeBackground.swift */ = {isa = PBXFileReference; fileEncoding = 4; lastKnownFileType = sourcecode.swift; path = BadgeBackground.swift; sourceTree = "<group>"; };
		9F54C1F829E8FC820090A06E /* Badge.swift */ = {isa = PBXFileReference; fileEncoding = 4; lastKnownFileType = sourcecode.swift; path = Badge.swift; sourceTree = "<group>"; };
		9F991B6329E4F0130084EFFF /* AFL3-0706012110056-MirandaUtami.app */ = {isa = PBXFileReference; explicitFileType = wrapper.application; includeInIndex = 0; path = "AFL3-0706012110056-MirandaUtami.app"; sourceTree = BUILT_PRODUCTS_DIR; };
		9F991B6629E4F0130084EFFF /* AFL3_0706012110056_MirandaUtamiApp.swift */ = {isa = PBXFileReference; lastKnownFileType = sourcecode.swift; path = AFL3_0706012110056_MirandaUtamiApp.swift; sourceTree = "<group>"; };
		9F991B6829E4F0130084EFFF /* ContentView.swift */ = {isa = PBXFileReference; lastKnownFileType = sourcecode.swift; path = ContentView.swift; sourceTree = "<group>"; };
		9F991B6A29E4F0150084EFFF /* Assets.xcassets */ = {isa = PBXFileReference; lastKnownFileType = folder.assetcatalog; path = Assets.xcassets; sourceTree = "<group>"; };
		9F991B6D29E4F0150084EFFF /* Preview Assets.xcassets */ = {isa = PBXFileReference; lastKnownFileType = folder.assetcatalog; path = "Preview Assets.xcassets"; sourceTree = "<group>"; };
		9F991B7329E4F0150084EFFF /* AFL3-0706012110056-MirandaUtamiTests.xctest */ = {isa = PBXFileReference; explicitFileType = wrapper.cfbundle; includeInIndex = 0; path = "AFL3-0706012110056-MirandaUtamiTests.xctest"; sourceTree = BUILT_PRODUCTS_DIR; };
		9F991B7729E4F0150084EFFF /* AFL3_0706012110056_MirandaUtamiTests.swift */ = {isa = PBXFileReference; lastKnownFileType = sourcecode.swift; path = AFL3_0706012110056_MirandaUtamiTests.swift; sourceTree = "<group>"; };
		9F991B7D29E4F0150084EFFF /* AFL3-0706012110056-MirandaUtamiUITests.xctest */ = {isa = PBXFileReference; explicitFileType = wrapper.cfbundle; includeInIndex = 0; path = "AFL3-0706012110056-MirandaUtamiUITests.xctest"; sourceTree = BUILT_PRODUCTS_DIR; };
		9F991B8129E4F0150084EFFF /* AFL3_0706012110056_MirandaUtamiUITests.swift */ = {isa = PBXFileReference; lastKnownFileType = sourcecode.swift; path = AFL3_0706012110056_MirandaUtamiUITests.swift; sourceTree = "<group>"; };
		9F991B8329E4F0150084EFFF /* AFL3_0706012110056_MirandaUtamiUITestsLaunchTests.swift */ = {isa = PBXFileReference; lastKnownFileType = sourcecode.swift; path = AFL3_0706012110056_MirandaUtamiUITestsLaunchTests.swift; sourceTree = "<group>"; };
		9F991B9029E4F75F0084EFFF /* CircleImage.swift */ = {isa = PBXFileReference; lastKnownFileType = sourcecode.swift; path = CircleImage.swift; sourceTree = "<group>"; };
		9F991B9229E4F95A0084EFFF /* MapView.swift */ = {isa = PBXFileReference; lastKnownFileType = sourcecode.swift; path = MapView.swift; sourceTree = "<group>"; };
/* End PBXFileReference section */

/* Begin PBXFrameworksBuildPhase section */
		9F991B6029E4F0130084EFFF /* Frameworks */ = {
			isa = PBXFrameworksBuildPhase;
			buildActionMask = 2147483647;
			files = (
			);
			runOnlyForDeploymentPostprocessing = 0;
		};
		9F991B7029E4F0150084EFFF /* Frameworks */ = {
			isa = PBXFrameworksBuildPhase;
			buildActionMask = 2147483647;
			files = (
			);
			runOnlyForDeploymentPostprocessing = 0;
		};
		9F991B7A29E4F0150084EFFF /* Frameworks */ = {
			isa = PBXFrameworksBuildPhase;
			buildActionMask = 2147483647;
			files = (
			);
			runOnlyForDeploymentPostprocessing = 0;
		};
/* End PBXFrameworksBuildPhase section */

/* Begin PBXGroup section */
		9F54C1DF29E8E4F80090A06E /* Views */ = {
			isa = PBXGroup;
			children = (
				9F991B6829E4F0130084EFFF /* ContentView.swift */,
				9F54C1F329E8FC820090A06E /* Badges */,
				9F54C1EB29E8F5010090A06E /* Helpers */,
				9F54C1EC29E8F5650090A06E /* Landmarks */,
			);
			path = Views;
			sourceTree = "<group>";
		};
		9F54C1E129E8E57D0090A06E /* Model */ = {
			isa = PBXGroup;
			children = (
				9F54C1DD29E8E4A40090A06E /* ModelData.swift */,
				9F54C1DB29E8E1AC0090A06E /* Landmark.swift */,
			);
			path = Model;
			sourceTree = "<group>";
		};
		9F54C1E229E8E5A20090A06E /* Resources */ = {
			isa = PBXGroup;
			children = (
				9F54C1D929E8E1380090A06E /* landmarkData.json */,
			);
			path = Resources;
			sourceTree = "<group>";
		};
		9F54C1EB29E8F5010090A06E /* Helpers */ = {
			isa = PBXGroup;
			children = (
				9F991B9229E4F95A0084EFFF /* MapView.swift */,
				9F54C1E929E8F4A00090A06E /* FavoriteButton.swift */,
				9F991B9029E4F75F0084EFFF /* CircleImage.swift */,
			);
			path = Helpers;
			sourceTree = "<group>";
		};
		9F54C1EC29E8F5650090A06E /* Landmarks */ = {
			isa = PBXGroup;
			children = (
				9F54C1E329E8E6AC0090A06E /* LandmarkRow.swift */,
				9F54C1E529E8E9A30090A06E /* LandmarkList.swift */,
				9F54C1E729E8EAC90090A06E /* LandmarkDetail.swift */,
			);
			path = Landmarks;
			sourceTree = "<group>";
		};
		9F54C1F329E8FC820090A06E /* Badges */ = {
			isa = PBXGroup;
			children = (
				9F54C1F429E8FC820090A06E /* RotatedBadgeSymbol.swift */,
				9F54C1F529E8FC820090A06E /* HexagonParameters.swift */,
				9F54C1F629E8FC820090A06E /* BadgeSymbol.swift */,
				9F54C1F729E8FC820090A06E /* BadgeBackground.swift */,
				9F54C1F829E8FC820090A06E /* Badge.swift */,
			);
			path = Badges;
			sourceTree = "<group>";
		};
		9F991B5A29E4F0130084EFFF = {
			isa = PBXGroup;
			children = (
				9F991B6529E4F0130084EFFF /* AFL3-0706012110056-MirandaUtami */,
				9F991B7629E4F0150084EFFF /* AFL3-0706012110056-MirandaUtamiTests */,
				9F991B8029E4F0150084EFFF /* AFL3-0706012110056-MirandaUtamiUITests */,
				9F991B6429E4F0130084EFFF /* Products */,
			);
			sourceTree = "<group>";
		};
		9F991B6429E4F0130084EFFF /* Products */ = {
			isa = PBXGroup;
			children = (
				9F991B6329E4F0130084EFFF /* AFL3-0706012110056-MirandaUtami.app */,
				9F991B7329E4F0150084EFFF /* AFL3-0706012110056-MirandaUtamiTests.xctest */,
				9F991B7D29E4F0150084EFFF /* AFL3-0706012110056-MirandaUtamiUITests.xctest */,
			);
			name = Products;
			sourceTree = "<group>";
		};
		9F991B6529E4F0130084EFFF /* AFL3-0706012110056-MirandaUtami */ = {
			isa = PBXGroup;
			children = (
				9F991B6629E4F0130084EFFF /* AFL3_0706012110056_MirandaUtamiApp.swift */,
				9F54C1E229E8E5A20090A06E /* Resources */,
				9F54C1E129E8E57D0090A06E /* Model */,
				9F54C1DF29E8E4F80090A06E /* Views */,
				9F991B6A29E4F0150084EFFF /* Assets.xcassets */,
				9F991B6C29E4F0150084EFFF /* Preview Content */,
			);
			path = "AFL3-0706012110056-MirandaUtami";
			sourceTree = "<group>";
		};
		9F991B6C29E4F0150084EFFF /* Preview Content */ = {
			isa = PBXGroup;
			children = (
				9F991B6D29E4F0150084EFFF /* Preview Assets.xcassets */,
			);
			path = "Preview Content";
			sourceTree = "<group>";
		};
		9F991B7629E4F0150084EFFF /* AFL3-0706012110056-MirandaUtamiTests */ = {
			isa = PBXGroup;
			children = (
				9F991B7729E4F0150084EFFF /* AFL3_0706012110056_MirandaUtamiTests.swift */,
			);
			path = "AFL3-0706012110056-MirandaUtamiTests";
			sourceTree = "<group>";
		};
		9F991B8029E4F0150084EFFF /* AFL3-0706012110056-MirandaUtamiUITests */ = {
			isa = PBXGroup;
			children = (
				9F991B8129E4F0150084EFFF /* AFL3_0706012110056_MirandaUtamiUITests.swift */,
				9F991B8329E4F0150084EFFF /* AFL3_0706012110056_MirandaUtamiUITestsLaunchTests.swift */,
			);
			path = "AFL3-0706012110056-MirandaUtamiUITests";
			sourceTree = "<group>";
		};
/* End PBXGroup section */

/* Begin PBXNativeTarget section */
		9F991B6229E4F0130084EFFF /* AFL3-0706012110056-MirandaUtami */ = {
			isa = PBXNativeTarget;
			buildConfigurationList = 9F991B8729E4F0150084EFFF /* Build configuration list for PBXNativeTarget "AFL3-0706012110056-MirandaUtami" */;
			buildPhases = (
				9F991B5F29E4F0130084EFFF /* Sources */,
				9F991B6029E4F0130084EFFF /* Frameworks */,
				9F991B6129E4F0130084EFFF /* Resources */,
			);
			buildRules = (
			);
			dependencies = (
			);
			name = "AFL3-0706012110056-MirandaUtami";
			productName = "AFL3-0706012110056-MirandaUtami";
			productReference = 9F991B6329E4F0130084EFFF /* AFL3-0706012110056-MirandaUtami.app */;
			productType = "com.apple.product-type.application";
		};
		9F991B7229E4F0150084EFFF /* AFL3-0706012110056-MirandaUtamiTests */ = {
			isa = PBXNativeTarget;
			buildConfigurationList = 9F991B8A29E4F0150084EFFF /* Build configuration list for PBXNativeTarget "AFL3-0706012110056-MirandaUtamiTests" */;
			buildPhases = (
				9F991B6F29E4F0150084EFFF /* Sources */,
				9F991B7029E4F0150084EFFF /* Frameworks */,
				9F991B7129E4F0150084EFFF /* Resources */,
			);
			buildRules = (
			);
			dependencies = (
				9F991B7529E4F0150084EFFF /* PBXTargetDependency */,
			);
			name = "AFL3-0706012110056-MirandaUtamiTests";
			productName = "AFL3-0706012110056-MirandaUtamiTests";
			productReference = 9F991B7329E4F0150084EFFF /* AFL3-0706012110056-MirandaUtamiTests.xctest */;
			productType = "com.apple.product-type.bundle.unit-test";
		};
		9F991B7C29E4F0150084EFFF /* AFL3-0706012110056-MirandaUtamiUITests */ = {
			isa = PBXNativeTarget;
			buildConfigurationList = 9F991B8D29E4F0150084EFFF /* Build configuration list for PBXNativeTarget "AFL3-0706012110056-MirandaUtamiUITests" */;
			buildPhases = (
				9F991B7929E4F0150084EFFF /* Sources */,
				9F991B7A29E4F0150084EFFF /* Frameworks */,
				9F991B7B29E4F0150084EFFF /* Resources */,
			);
			buildRules = (
			);
			dependencies = (
				9F991B7F29E4F0150084EFFF /* PBXTargetDependency */,
			);
			name = "AFL3-0706012110056-MirandaUtamiUITests";
			productName = "AFL3-0706012110056-MirandaUtamiUITests";
			productReference = 9F991B7D29E4F0150084EFFF /* AFL3-0706012110056-MirandaUtamiUITests.xctest */;
			productType = "com.apple.product-type.bundle.ui-testing";
		};
/* End PBXNativeTarget section */

/* Begin PBXProject section */
		9F991B5B29E4F0130084EFFF /* Project object */ = {
			isa = PBXProject;
			attributes = {
				BuildIndependentTargetsInParallel = 1;
				LastSwiftUpdateCheck = 1430;
				LastUpgradeCheck = 1430;
				TargetAttributes = {
					9F991B6229E4F0130084EFFF = {
						CreatedOnToolsVersion = 14.3;
					};
					9F991B7229E4F0150084EFFF = {
						CreatedOnToolsVersion = 14.3;
						TestTargetID = 9F991B6229E4F0130084EFFF;
					};
					9F991B7C29E4F0150084EFFF = {
						CreatedOnToolsVersion = 14.3;
						TestTargetID = 9F991B6229E4F0130084EFFF;
					};
				};
			};
			buildConfigurationList = 9F991B5E29E4F0130084EFFF /* Build configuration list for PBXProject "AFL3-0706012110056-MirandaUtami" */;
			compatibilityVersion = "Xcode 14.0";
			developmentRegion = en;
			hasScannedForEncodings = 0;
			knownRegions = (
				en,
				Base,
			);
			mainGroup = 9F991B5A29E4F0130084EFFF;
			productRefGroup = 9F991B6429E4F0130084EFFF /* Products */;
			projectDirPath = "";
			projectRoot = "";
			targets = (
				9F991B6229E4F0130084EFFF /* AFL3-0706012110056-MirandaUtami */,
				9F991B7229E4F0150084EFFF /* AFL3-0706012110056-MirandaUtamiTests */,
				9F991B7C29E4F0150084EFFF /* AFL3-0706012110056-MirandaUtamiUITests */,
			);
		};
/* End PBXProject section */

/* Begin PBXResourcesBuildPhase section */
		9F991B6129E4F0130084EFFF /* Resources */ = {
			isa = PBXResourcesBuildPhase;
			buildActionMask = 2147483647;
			files = (
				9F991B6E29E4F0150084EFFF /* Preview Assets.xcassets in Resources */,
				9F991B6B29E4F0150084EFFF /* Assets.xcassets in Resources */,
				9F54C1DA29E8E1390090A06E /* landmarkData.json in Resources */,
			);
			runOnlyForDeploymentPostprocessing = 0;
		};
		9F991B7129E4F0150084EFFF /* Resources */ = {
			isa = PBXResourcesBuildPhase;
			buildActionMask = 2147483647;
			files = (
			);
			runOnlyForDeploymentPostprocessing = 0;
		};
		9F991B7B29E4F0150084EFFF /* Resources */ = {
			isa = PBXResourcesBuildPhase;
			buildActionMask = 2147483647;
			files = (
			);
			runOnlyForDeploymentPostprocessing = 0;
		};
/* End PBXResourcesBuildPhase section */

/* Begin PBXSourcesBuildPhase section */
		9F991B5F29E4F0130084EFFF /* Sources */ = {
			isa = PBXSourcesBuildPhase;
			buildActionMask = 2147483647;
			files = (
				9F54C1FA29E8FC820090A06E /* HexagonParameters.swift in Sources */,
				9F991B6929E4F0130084EFFF /* ContentView.swift in Sources */,
				9F991B9329E4F95A0084EFFF /* MapView.swift in Sources */,
				9F991B6729E4F0130084EFFF /* AFL3_0706012110056_MirandaUtamiApp.swift in Sources */,
				9F54C1EA29E8F4A00090A06E /* FavoriteButton.swift in Sources */,
				9F54C1FB29E8FC820090A06E /* BadgeSymbol.swift in Sources */,
				9F54C1FD29E8FC820090A06E /* Badge.swift in Sources */,
				9F54C1F929E8FC820090A06E /* RotatedBadgeSymbol.swift in Sources */,
				9F54C1E629E8E9A30090A06E /* LandmarkList.swift in Sources */,
				9F54C1E829E8EAC90090A06E /* LandmarkDetail.swift in Sources */,
				9F991B9129E4F75F0084EFFF /* CircleImage.swift in Sources */,
				9F54C1DC29E8E1AC0090A06E /* Landmark.swift in Sources */,
				9F54C1E429E8E6AC0090A06E /* LandmarkRow.swift in Sources */,
				9F54C1DE29E8E4A40090A06E /* ModelData.swift in Sources */,
				9F54C1FC29E8FC820090A06E /* BadgeBackground.swift in Sources */,
			);
			runOnlyForDeploymentPostprocessing = 0;
		};
		9F991B6F29E4F0150084EFFF /* Sources */ = {
			isa = PBXSourcesBuildPhase;
			buildActionMask = 2147483647;
			files = (
				9F991B7829E4F0150084EFFF /* AFL3_0706012110056_MirandaUtamiTests.swift in Sources */,
			);
			runOnlyForDeploymentPostprocessing = 0;
		};
		9F991B7929E4F0150084EFFF /* Sources */ = {
			isa = PBXSourcesBuildPhase;
			buildActionMask = 2147483647;
			files = (
				9F991B8429E4F0150084EFFF /* AFL3_0706012110056_MirandaUtamiUITestsLaunchTests.swift in Sources */,
				9F991B8229E4F0150084EFFF /* AFL3_0706012110056_MirandaUtamiUITests.swift in Sources */,
			);
			runOnlyForDeploymentPostprocessing = 0;
		};
/* End PBXSourcesBuildPhase section */

/* Begin PBXTargetDependency section */
		9F991B7529E4F0150084EFFF /* PBXTargetDependency */ = {
			isa = PBXTargetDependency;
			target = 9F991B6229E4F0130084EFFF /* AFL3-0706012110056-MirandaUtami */;
			targetProxy = 9F991B7429E4F0150084EFFF /* PBXContainerItemProxy */;
		};
		9F991B7F29E4F0150084EFFF /* PBXTargetDependency */ = {
			isa = PBXTargetDependency;
			target = 9F991B6229E4F0130084EFFF /* AFL3-0706012110056-MirandaUtami */;
			targetProxy = 9F991B7E29E4F0150084EFFF /* PBXContainerItemProxy */;
		};
/* End PBXTargetDependency section */

/* Begin XCBuildConfiguration section */
		9F991B8529E4F0150084EFFF /* Debug */ = {
			isa = XCBuildConfiguration;
			buildSettings = {
				ALWAYS_SEARCH_USER_PATHS = NO;
				CLANG_ANALYZER_NONNULL = YES;
				CLANG_ANALYZER_NUMBER_OBJECT_CONVERSION = YES_AGGRESSIVE;
				CLANG_CXX_LANGUAGE_STANDARD = "gnu++20";
				CLANG_ENABLE_MODULES = YES;
				CLANG_ENABLE_OBJC_ARC = YES;
				CLANG_ENABLE_OBJC_WEAK = YES;
				CLANG_WARN_BLOCK_CAPTURE_AUTORELEASING = YES;
				CLANG_WARN_BOOL_CONVERSION = YES;
				CLANG_WARN_COMMA = YES;
				CLANG_WARN_CONSTANT_CONVERSION = YES;
				CLANG_WARN_DEPRECATED_OBJC_IMPLEMENTATIONS = YES;
				CLANG_WARN_DIRECT_OBJC_ISA_USAGE = YES_ERROR;
				CLANG_WARN_DOCUMENTATION_COMMENTS = YES;
				CLANG_WARN_EMPTY_BODY = YES;
				CLANG_WARN_ENUM_CONVERSION = YES;
				CLANG_WARN_INFINITE_RECURSION = YES;
				CLANG_WARN_INT_CONVERSION = YES;
				CLANG_WARN_NON_LITERAL_NULL_CONVERSION = YES;
				CLANG_WARN_OBJC_IMPLICIT_RETAIN_SELF = YES;
				CLANG_WARN_OBJC_LITERAL_CONVERSION = YES;
				CLANG_WARN_OBJC_ROOT_CLASS = YES_ERROR;
				CLANG_WARN_QUOTED_INCLUDE_IN_FRAMEWORK_HEADER = YES;
				CLANG_WARN_RANGE_LOOP_ANALYSIS = YES;
				CLANG_WARN_STRICT_PROTOTYPES = YES;
				CLANG_WARN_SUSPICIOUS_MOVE = YES;
				CLANG_WARN_UNGUARDED_AVAILABILITY = YES_AGGRESSIVE;
				CLANG_WARN_UNREACHABLE_CODE = YES;
				CLANG_WARN__DUPLICATE_METHOD_MATCH = YES;
				COPY_PHASE_STRIP = NO;
				DEBUG_INFORMATION_FORMAT = dwarf;
				ENABLE_STRICT_OBJC_MSGSEND = YES;
				ENABLE_TESTABILITY = YES;
				GCC_C_LANGUAGE_STANDARD = gnu11;
				GCC_DYNAMIC_NO_PIC = NO;
				GCC_NO_COMMON_BLOCKS = YES;
				GCC_OPTIMIZATION_LEVEL = 0;
				GCC_PREPROCESSOR_DEFINITIONS = (
					"DEBUG=1",
					"$(inherited)",
				);
				GCC_WARN_64_TO_32_BIT_CONVERSION = YES;
				GCC_WARN_ABOUT_RETURN_TYPE = YES_ERROR;
				GCC_WARN_UNDECLARED_SELECTOR = YES;
				GCC_WARN_UNINITIALIZED_AUTOS = YES_AGGRESSIVE;
				GCC_WARN_UNUSED_FUNCTION = YES;
				GCC_WARN_UNUSED_VARIABLE = YES;
				IPHONEOS_DEPLOYMENT_TARGET = 16.4;
				MTL_ENABLE_DEBUG_INFO = INCLUDE_SOURCE;
				MTL_FAST_MATH = YES;
				ONLY_ACTIVE_ARCH = YES;
				SDKROOT = iphoneos;
				SWIFT_ACTIVE_COMPILATION_CONDITIONS = DEBUG;
				SWIFT_OPTIMIZATION_LEVEL = "-Onone";
			};
			name = Debug;
		};
		9F991B8629E4F0150084EFFF /* Release */ = {
			isa = XCBuildConfiguration;
			buildSettings = {
				ALWAYS_SEARCH_USER_PATHS = NO;
				CLANG_ANALYZER_NONNULL = YES;
				CLANG_ANALYZER_NUMBER_OBJECT_CONVERSION = YES_AGGRESSIVE;
				CLANG_CXX_LANGUAGE_STANDARD = "gnu++20";
				CLANG_ENABLE_MODULES = YES;
				CLANG_ENABLE_OBJC_ARC = YES;
				CLANG_ENABLE_OBJC_WEAK = YES;
				CLANG_WARN_BLOCK_CAPTURE_AUTORELEASING = YES;
				CLANG_WARN_BOOL_CONVERSION = YES;
				CLANG_WARN_COMMA = YES;
				CLANG_WARN_CONSTANT_CONVERSION = YES;
				CLANG_WARN_DEPRECATED_OBJC_IMPLEMENTATIONS = YES;
				CLANG_WARN_DIRECT_OBJC_ISA_USAGE = YES_ERROR;
				CLANG_WARN_DOCUMENTATION_COMMENTS = YES;
				CLANG_WARN_EMPTY_BODY = YES;
				CLANG_WARN_ENUM_CONVERSION = YES;
				CLANG_WARN_INFINITE_RECURSION = YES;
				CLANG_WARN_INT_CONVERSION = YES;
				CLANG_WARN_NON_LITERAL_NULL_CONVERSION = YES;
				CLANG_WARN_OBJC_IMPLICIT_RETAIN_SELF = YES;
				CLANG_WARN_OBJC_LITERAL_CONVERSION = YES;
				CLANG_WARN_OBJC_ROOT_CLASS = YES_ERROR;
				CLANG_WARN_QUOTED_INCLUDE_IN_FRAMEWORK_HEADER = YES;
				CLANG_WARN_RANGE_LOOP_ANALYSIS = YES;
				CLANG_WARN_STRICT_PROTOTYPES = YES;
				CLANG_WARN_SUSPICIOUS_MOVE = YES;
				CLANG_WARN_UNGUARDED_AVAILABILITY = YES_AGGRESSIVE;
				CLANG_WARN_UNREACHABLE_CODE = YES;
				CLANG_WARN__DUPLICATE_METHOD_MATCH = YES;
				COPY_PHASE_STRIP = NO;
				DEBUG_INFORMATION_FORMAT = "dwarf-with-dsym";
				ENABLE_NS_ASSERTIONS = NO;
				ENABLE_STRICT_OBJC_MSGSEND = YES;
				GCC_C_LANGUAGE_STANDARD = gnu11;
				GCC_NO_COMMON_BLOCKS = YES;
				GCC_WARN_64_TO_32_BIT_CONVERSION = YES;
				GCC_WARN_ABOUT_RETURN_TYPE = YES_ERROR;
				GCC_WARN_UNDECLARED_SELECTOR = YES;
				GCC_WARN_UNINITIALIZED_AUTOS = YES_AGGRESSIVE;
				GCC_WARN_UNUSED_FUNCTION = YES;
				GCC_WARN_UNUSED_VARIABLE = YES;
				IPHONEOS_DEPLOYMENT_TARGET = 16.4;
				MTL_ENABLE_DEBUG_INFO = NO;
				MTL_FAST_MATH = YES;
				SDKROOT = iphoneos;
				SWIFT_COMPILATION_MODE = wholemodule;
				SWIFT_OPTIMIZATION_LEVEL = "-O";
				VALIDATE_PRODUCT = YES;
			};
			name = Release;
		};
		9F991B8829E4F0150084EFFF /* Debug */ = {
			isa = XCBuildConfiguration;
			buildSettings = {
				ASSETCATALOG_COMPILER_APPICON_NAME = AppIcon;
				ASSETCATALOG_COMPILER_GLOBAL_ACCENT_COLOR_NAME = AccentColor;
				CODE_SIGN_STYLE = Automatic;
				CURRENT_PROJECT_VERSION = 1;
				DEVELOPMENT_ASSET_PATHS = "\"AFL3-0706012110056-MirandaUtami/Preview Content\"";
				DEVELOPMENT_TEAM = B3W96FJVQ4;
				ENABLE_PREVIEWS = YES;
				GENERATE_INFOPLIST_FILE = YES;
				INFOPLIST_KEY_UIApplicationSceneManifest_Generation = YES;
				INFOPLIST_KEY_UIApplicationSupportsIndirectInputEvents = YES;
				INFOPLIST_KEY_UILaunchScreen_Generation = YES;
				INFOPLIST_KEY_UISupportedInterfaceOrientations_iPad = "UIInterfaceOrientationPortrait UIInterfaceOrientationPortraitUpsideDown UIInterfaceOrientationLandscapeLeft UIInterfaceOrientationLandscapeRight";
				INFOPLIST_KEY_UISupportedInterfaceOrientations_iPhone = "UIInterfaceOrientationPortrait UIInterfaceOrientationLandscapeLeft UIInterfaceOrientationLandscapeRight";
				LD_RUNPATH_SEARCH_PATHS = (
					"$(inherited)",
					"@executable_path/Frameworks",
				);
				MARKETING_VERSION = 1.0;
				PRODUCT_BUNDLE_IDENTIFIER = "miranda.AFL3-0706012110056-MirandaUtami";
				PRODUCT_NAME = "$(TARGET_NAME)";
				SWIFT_EMIT_LOC_STRINGS = YES;
				SWIFT_VERSION = 5.0;
				TARGETED_DEVICE_FAMILY = "1,2";
			};
			name = Debug;
		};
		9F991B8929E4F0150084EFFF /* Release */ = {
			isa = XCBuildConfiguration;
			buildSettings = {
				ASSETCATALOG_COMPILER_APPICON_NAME = AppIcon;
				ASSETCATALOG_COMPILER_GLOBAL_ACCENT_COLOR_NAME = AccentColor;
				CODE_SIGN_STYLE = Automatic;
				CURRENT_PROJECT_VERSION = 1;
				DEVELOPMENT_ASSET_PATHS = "\"AFL3-0706012110056-MirandaUtami/Preview Content\"";
				DEVELOPMENT_TEAM = B3W96FJVQ4;
				ENABLE_PREVIEWS = YES;
				GENERATE_INFOPLIST_FILE = YES;
				INFOPLIST_KEY_UIApplicationSceneManifest_Generation = YES;
				INFOPLIST_KEY_UIApplicationSupportsIndirectInputEvents = YES;
				INFOPLIST_KEY_UILaunchScreen_Generation = YES;
				INFOPLIST_KEY_UISupportedInterfaceOrientations_iPad = "UIInterfaceOrientationPortrait UIInterfaceOrientationPortraitUpsideDown UIInterfaceOrientationLandscapeLeft UIInterfaceOrientationLandscapeRight";
				INFOPLIST_KEY_UISupportedInterfaceOrientations_iPhone = "UIInterfaceOrientationPortrait UIInterfaceOrientationLandscapeLeft UIInterfaceOrientationLandscapeRight";
				LD_RUNPATH_SEARCH_PATHS = (
					"$(inherited)",
					"@executable_path/Frameworks",
				);
				MARKETING_VERSION = 1.0;
				PRODUCT_BUNDLE_IDENTIFIER = "miranda.AFL3-0706012110056-MirandaUtami";
				PRODUCT_NAME = "$(TARGET_NAME)";
				SWIFT_EMIT_LOC_STRINGS = YES;
				SWIFT_VERSION = 5.0;
				TARGETED_DEVICE_FAMILY = "1,2";
			};
			name = Release;
		};
		9F991B8B29E4F0150084EFFF /* Debug */ = {
			isa = XCBuildConfiguration;
			buildSettings = {
				ALWAYS_EMBED_SWIFT_STANDARD_LIBRARIES = YES;
				BUNDLE_LOADER = "$(TEST_HOST)";
				CODE_SIGN_STYLE = Automatic;
				CURRENT_PROJECT_VERSION = 1;
				DEVELOPMENT_TEAM = B3W96FJVQ4;
				GENERATE_INFOPLIST_FILE = YES;
				IPHONEOS_DEPLOYMENT_TARGET = 16.4;
				MARKETING_VERSION = 1.0;
				PRODUCT_BUNDLE_IDENTIFIER = "miranda.AFL3-0706012110056-MirandaUtamiTests";
				PRODUCT_NAME = "$(TARGET_NAME)";
				SWIFT_EMIT_LOC_STRINGS = NO;
				SWIFT_VERSION = 5.0;
				TARGETED_DEVICE_FAMILY = "1,2";
				TEST_HOST = "$(BUILT_PRODUCTS_DIR)/AFL3-0706012110056-MirandaUtami.app/$(BUNDLE_EXECUTABLE_FOLDER_PATH)/AFL3-0706012110056-MirandaUtami";
			};
			name = Debug;
		};
		9F991B8C29E4F0150084EFFF /* Release */ = {
			isa = XCBuildConfiguration;
			buildSettings = {
				ALWAYS_EMBED_SWIFT_STANDARD_LIBRARIES = YES;
				BUNDLE_LOADER = "$(TEST_HOST)";
				CODE_SIGN_STYLE = Automatic;
				CURRENT_PROJECT_VERSION = 1;
				DEVELOPMENT_TEAM = B3W96FJVQ4;
				GENERATE_INFOPLIST_FILE = YES;
				IPHONEOS_DEPLOYMENT_TARGET = 16.4;
				MARKETING_VERSION = 1.0;
				PRODUCT_BUNDLE_IDENTIFIER = "miranda.AFL3-0706012110056-MirandaUtamiTests";
				PRODUCT_NAME = "$(TARGET_NAME)";
				SWIFT_EMIT_LOC_STRINGS = NO;
				SWIFT_VERSION = 5.0;
				TARGETED_DEVICE_FAMILY = "1,2";
				TEST_HOST = "$(BUILT_PRODUCTS_DIR)/AFL3-0706012110056-MirandaUtami.app/$(BUNDLE_EXECUTABLE_FOLDER_PATH)/AFL3-0706012110056-MirandaUtami";
			};
			name = Release;
		};
		9F991B8E29E4F0150084EFFF /* Debug */ = {
			isa = XCBuildConfiguration;
			buildSettings = {
				ALWAYS_EMBED_SWIFT_STANDARD_LIBRARIES = YES;
				CODE_SIGN_STYLE = Automatic;
				CURRENT_PROJECT_VERSION = 1;
				DEVELOPMENT_TEAM = B3W96FJVQ4;
				GENERATE_INFOPLIST_FILE = YES;
				MARKETING_VERSION = 1.0;
				PRODUCT_BUNDLE_IDENTIFIER = "miranda.AFL3-0706012110056-MirandaUtamiUITests";
				PRODUCT_NAME = "$(TARGET_NAME)";
				SWIFT_EMIT_LOC_STRINGS = NO;
				SWIFT_VERSION = 5.0;
				TARGETED_DEVICE_FAMILY = "1,2";
				TEST_TARGET_NAME = "AFL3-0706012110056-MirandaUtami";
			};
			name = Debug;
		};
		9F991B8F29E4F0150084EFFF /* Release */ = {
			isa = XCBuildConfiguration;
			buildSettings = {
				ALWAYS_EMBED_SWIFT_STANDARD_LIBRARIES = YES;
				CODE_SIGN_STYLE = Automatic;
				CURRENT_PROJECT_VERSION = 1;
				DEVELOPMENT_TEAM = B3W96FJVQ4;
				GENERATE_INFOPLIST_FILE = YES;
				MARKETING_VERSION = 1.0;
				PRODUCT_BUNDLE_IDENTIFIER = "miranda.AFL3-0706012110056-MirandaUtamiUITests";
				PRODUCT_NAME = "$(TARGET_NAME)";
				SWIFT_EMIT_LOC_STRINGS = NO;
				SWIFT_VERSION = 5.0;
				TARGETED_DEVICE_FAMILY = "1,2";
				TEST_TARGET_NAME = "AFL3-0706012110056-MirandaUtami";
			};
			name = Release;
		};
/* End XCBuildConfiguration section */

/* Begin XCConfigurationList section */
		9F991B5E29E4F0130084EFFF /* Build configuration list for PBXProject "AFL3-0706012110056-MirandaUtami" */ = {
			isa = XCConfigurationList;
			buildConfigurations = (
				9F991B8529E4F0150084EFFF /* Debug */,
				9F991B8629E4F0150084EFFF /* Release */,
			);
			defaultConfigurationIsVisible = 0;
			defaultConfigurationName = Release;
		};
		9F991B8729E4F0150084EFFF /* Build configuration list for PBXNativeTarget "AFL3-0706012110056-MirandaUtami" */ = {
			isa = XCConfigurationList;
			buildConfigurations = (
				9F991B8829E4F0150084EFFF /* Debug */,
				9F991B8929E4F0150084EFFF /* Release */,
			);
			defaultConfigurationIsVisible = 0;
			defaultConfigurationName = Release;
		};
		9F991B8A29E4F0150084EFFF /* Build configuration list for PBXNativeTarget "AFL3-0706012110056-MirandaUtamiTests" */ = {
			isa = XCConfigurationList;
			buildConfigurations = (
				9F991B8B29E4F0150084EFFF /* Debug */,
				9F991B8C29E4F0150084EFFF /* Release */,
			);
			defaultConfigurationIsVisible = 0;
			defaultConfigurationName = Release;
		};
		9F991B8D29E4F0150084EFFF /* Build configuration list for PBXNativeTarget "AFL3-0706012110056-MirandaUtamiUITests" */ = {
			isa = XCConfigurationList;
			buildConfigurations = (
				9F991B8E29E4F0150084EFFF /* Debug */,
				9F991B8F29E4F0150084EFFF /* Release */,
			);
			defaultConfigurationIsVisible = 0;
			defaultConfigurationName = Release;
		};
/* End XCConfigurationList section */
	};
	rootObject = 9F991B5B29E4F0130084EFFF /* Project object */;
}
